
Microsoft Visual Studio Solution File, Format Version 12.00
# Visual Studio Version 16
VisualStudioVersion = 16.0.29324.140
MinimumVisualStudioVersion = 10.0.40219.1
Project("{FAE04EC0-301F-11D3-BF4B-00C04F79EFBC}") = "KlaseObjekti22", "KlaseObjekti22\KlaseObjekti22.csproj", "{8E43D406-9A0A-4978-990C-E74B8F8B0A9F}"
EndProject
Global
	GlobalSection(SolutionConfigurationPlatforms) = preSolution
		Debug|Any CPU = Debug|Any CPU
		Release|Any CPU = Release|Any CPU
	EndGlobalSection
	GlobalSection(ProjectConfigurationPlatforms) = postSolution
		{8E43D406-9A0A-4978-990C-E74B8F8B0A9F}.Debug|Any CPU.ActiveCfg = Debug|Any CPU
		{8E43D406-9A0A-4978-990C-E74B8F8B0A9F}.Debug|Any CPU.Build.0 = Debug|Any CPU
		{8E43D406-9A0A-4978-990C-E74B8F8B0A9F}.Release|Any CPU.ActiveCfg = Release|Any CPU
		{8E43D406-9A0A-4978-990C-E74B8F8B0A9F}.Release|Any CPU.Build.0 = Release|Any CPU
	EndGlobalSection
	GlobalSection(SolutionProperties) = preSolution
		HideSolutionNode = FALSE
	EndGlobalSection
	GlobalSection(ExtensibilityGlobals) = postSolution
		SolutionGuid = {3903D51F-0C95-4E4F-B031-5412A7867E23}
	EndGlobalSection
EndGlobal
